
Microsoft Visual Studio Solution File, Format Version 12.00
# Visual Studio Version 16
VisualStudioVersion = 16.0.30907.101
MinimumVisualStudioVersion = 10.0.40219.1
Project("{8BC9CEB8-8B4A-11D0-8D11-00A0C91BC942}") = "task31", "task31\task31.vcxproj", "{BB7E4810-8210-4CC5-961E-6B389F35E725}"
EndProject
Project("{8BC9CEB8-8B4A-11D0-8D11-00A0C91BC942}") = "task32", "..\..\source\repos\task32\task32\task32.vcxproj", "{79A167F0-4122-4B6E-B6F1-C8325BB7E023}"
EndProject
Global
	GlobalSection(SolutionConfigurationPlatforms) = preSolution
		Debug|x64 = Debug|x64
		Debug|x86 = Debug|x86
		Release|x64 = Release|x64
		Release|x86 = Release|x86
	EndGlobalSection
	GlobalSection(ProjectConfigurationPlatforms) = postSolution
		{BB7E4810-8210-4CC5-961E-6B389F35E725}.Debug|x64.ActiveCfg = Debug|x64
		{BB7E4810-8210-4CC5-961E-6B389F35E725}.Debug|x64.Build.0 = Debug|x64
		{BB7E4810-8210-4CC5-961E-6B389F35E725}.Debug|x86.ActiveCfg = Debug|Win32
		{BB7E4810-8210-4CC5-961E-6B389F35E725}.Debug|x86.Build.0 = Debug|Win32
		{BB7E4810-8210-4CC5-961E-6B389F35E725}.Release|x64.ActiveCfg = Release|x64
		{BB7E4810-8210-4CC5-961E-6B389F35E725}.Release|x64.Build.0 = Release|x64
		{BB7E4810-8210-4CC5-961E-6B389F35E725}.Release|x86.ActiveCfg = Release|Win32
		{BB7E4810-8210-4CC5-961E-6B389F35E725}.Release|x86.Build.0 = Release|Win32
		{79A167F0-4122-4B6E-B6F1-C8325BB7E023}.Debug|x64.ActiveCfg = Debug|x64
		{79A167F0-4122-4B6E-B6F1-C8325BB7E023}.Debug|x64.Build.0 = Debug|x64
		{79A167F0-4122-4B6E-B6F1-C8325BB7E023}.Debug|x86.ActiveCfg = Debug|Win32
		{79A167F0-4122-4B6E-B6F1-C8325BB7E023}.Debug|x86.Build.0 = Debug|Win32
		{79A167F0-4122-4B6E-B6F1-C8325BB7E023}.Release|x64.ActiveCfg = Release|x64
		{79A167F0-4122-4B6E-B6F1-C8325BB7E023}.Release|x64.Build.0 = Release|x64
		{79A167F0-4122-4B6E-B6F1-C8325BB7E023}.Release|x86.ActiveCfg = Release|Win32
		{79A167F0-4122-4B6E-B6F1-C8325BB7E023}.Release|x86.Build.0 = Release|Win32
	EndGlobalSection
	GlobalSection(SolutionProperties) = preSolution
		HideSolutionNode = FALSE
	EndGlobalSection
	GlobalSection(ExtensibilityGlobals) = postSolution
		SolutionGuid = {76BF187B-3D9E-4D1E-B803-E0725A861F4D}
	EndGlobalSection
EndGlobal
