
Microsoft Visual Studio Solution File, Format Version 12.00
# Visual Studio Version 16
VisualStudioVersion = 16.0.30907.101
MinimumVisualStudioVersion = 10.0.40219.1
Project("{8BC9CEB8-8B4A-11D0-8D11-00A0C91BC942}") = "task33", "task33\task33.vcxproj", "{92AD1ACA-C5C9-447E-91DE-03B0540B1152}"
EndProject
Global
	GlobalSection(SolutionConfigurationPlatforms) = preSolution
		Debug|x64 = Debug|x64
		Debug|x86 = Debug|x86
		Release|x64 = Release|x64
		Release|x86 = Release|x86
	EndGlobalSection
	GlobalSection(ProjectConfigurationPlatforms) = postSolution
		{92AD1ACA-C5C9-447E-91DE-03B0540B1152}.Debug|x64.ActiveCfg = Debug|x64
		{92AD1ACA-C5C9-447E-91DE-03B0540B1152}.Debug|x64.Build.0 = Debug|x64
		{92AD1ACA-C5C9-447E-91DE-03B0540B1152}.Debug|x86.ActiveCfg = Debug|Win32
		{92AD1ACA-C5C9-447E-91DE-03B0540B1152}.Debug|x86.Build.0 = Debug|Win32
		{92AD1ACA-C5C9-447E-91DE-03B0540B1152}.Release|x64.ActiveCfg = Release|x64
		{92AD1ACA-C5C9-447E-91DE-03B0540B1152}.Release|x64.Build.0 = Release|x64
		{92AD1ACA-C5C9-447E-91DE-03B0540B1152}.Release|x86.ActiveCfg = Release|Win32
		{92AD1ACA-C5C9-447E-91DE-03B0540B1152}.Release|x86.Build.0 = Release|Win32
	EndGlobalSection
	GlobalSection(SolutionProperties) = preSolution
		HideSolutionNode = FALSE
	EndGlobalSection
	GlobalSection(ExtensibilityGlobals) = postSolution
		SolutionGuid = {16716FCD-2701-4650-A605-E668B4B2B977}
	EndGlobalSection
EndGlobal
